// !$*UTF8*$!
{
	archiveVersion = 1;
	classes = {
	};
	objectVersion = 46;
	objects = {

/* Begin PBXBuildFile section */
		3F16ABB11CB418DA003F2BD2 /* AppDelegate.swift in Sources */ = {isa = PBXBuildFile; fileRef = 3F16ABB01CB418DA003F2BD2 /* AppDelegate.swift */; };
		3F16ABB31CB418DA003F2BD2 /* ViewController.swift in Sources */ = {isa = PBXBuildFile; fileRef = 3F16ABB21CB418DA003F2BD2 /* ViewController.swift */; };
		3F16ABB61CB418DA003F2BD2 /* Main.storyboard in Resources */ = {isa = PBXBuildFile; fileRef = 3F16ABB41CB418DA003F2BD2 /* Main.storyboard */; };
		3F16ABB81CB418DA003F2BD2 /* Assets.xcassets in Resources */ = {isa = PBXBuildFile; fileRef = 3F16ABB71CB418DA003F2BD2 /* Assets.xcassets */; };
		3F16ABBB1CB418DA003F2BD2 /* LaunchScreen.storyboard in Resources */ = {isa = PBXBuildFile; fileRef = 3F16ABB91CB418DA003F2BD2 /* LaunchScreen.storyboard */; };
		3F16ABC61CB418DA003F2BD2 /* Lolla_LineupTests.swift in Sources */ = {isa = PBXBuildFile; fileRef = 3F16ABC51CB418DA003F2BD2 /* Lolla_LineupTests.swift */; };
		3F16ABD11CB418DA003F2BD2 /* Lolla_LineupUITests.swift in Sources */ = {isa = PBXBuildFile; fileRef = 3F16ABD01CB418DA003F2BD2 /* Lolla_LineupUITests.swift */; };
		3F16ABDF1CB6BC39003F2BD2 /* AllBands.swift in Sources */ = {isa = PBXBuildFile; fileRef = 3F16ABDE1CB6BC39003F2BD2 /* AllBands.swift */; settings = {ASSET_TAGS = (); }; };
		3F16ABE11CB6BC7F003F2BD2 /* Genres.swift in Sources */ = {isa = PBXBuildFile; fileRef = 3F16ABE01CB6BC7F003F2BD2 /* Genres.swift */; settings = {ASSET_TAGS = (); }; };
		3F16ABE31CB6BCA0003F2BD2 /* Days.swift in Sources */ = {isa = PBXBuildFile; fileRef = 3F16ABE21CB6BCA0003F2BD2 /* Days.swift */; settings = {ASSET_TAGS = (); }; };
		3F16ABE51CB6BDA1003F2BD2 /* BandsInSelectedGenre.swift in Sources */ = {isa = PBXBuildFile; fileRef = 3F16ABE41CB6BDA1003F2BD2 /* BandsInSelectedGenre.swift */; settings = {ASSET_TAGS = (); }; };
		3F16ABE71CB6BDD8003F2BD2 /* BandsInSelectedDay.swift in Sources */ = {isa = PBXBuildFile; fileRef = 3F16ABE61CB6BDD8003F2BD2 /* BandsInSelectedDay.swift */; settings = {ASSET_TAGS = (); }; };
		3F16ABE91CB6BE20003F2BD2 /* SongsBySelectedBand.swift in Sources */ = {isa = PBXBuildFile; fileRef = 3F16ABE81CB6BE20003F2BD2 /* SongsBySelectedBand.swift */; settings = {ASSET_TAGS = (); }; };
		3F16ABEB1CBC078E003F2BD2 /* DetailBandClass.swift in Sources */ = {isa = PBXBuildFile; fileRef = 3F16ABEA1CBC078E003F2BD2 /* DetailBandClass.swift */; settings = {ASSET_TAGS = (); }; };
		3FE9BF6C1CC7DF0700B809E4 /* ClassDay.swift in Sources */ = {isa = PBXBuildFile; fileRef = 3FE9BF6B1CC7DF0700B809E4 /* ClassDay.swift */; settings = {ASSET_TAGS = (); }; };
/* End PBXBuildFile section */

/* Begin PBXContainerItemProxy section */
		3F16ABC21CB418DA003F2BD2 /* PBXContainerItemProxy */ = {
			isa = PBXContainerItemProxy;
			containerPortal = 3F16ABA51CB418DA003F2BD2 /* Project object */;
			proxyType = 1;
			remoteGlobalIDString = 3F16ABAC1CB418DA003F2BD2;
			remoteInfo = "Lolla Lineup";
		};
		3F16ABCD1CB418DA003F2BD2 /* PBXContainerItemProxy */ = {
			isa = PBXContainerItemProxy;
			containerPortal = 3F16ABA51CB418DA003F2BD2 /* Project object */;
			proxyType = 1;
			remoteGlobalIDString = 3F16ABAC1CB418DA003F2BD2;
			remoteInfo = "Lolla Lineup";
		};
/* End PBXContainerItemProxy section */

/* Begin PBXFileReference section */
		3F16ABAD1CB418DA003F2BD2 /* Lolla Lineup.app */ = {isa = PBXFileReference; explicitFileType = wrapper.application; includeInIndex = 0; path = "Lolla Lineup.app"; sourceTree = BUILT_PRODUCTS_DIR; };
		3F16ABB01CB418DA003F2BD2 /* AppDelegate.swift */ = {isa = PBXFileReference; lastKnownFileType = sourcecode.swift; path = AppDelegate.swift; sourceTree = "<group>"; };
		3F16ABB21CB418DA003F2BD2 /* ViewController.swift */ = {isa = PBXFileReference; lastKnownFileType = sourcecode.swift; path = ViewController.swift; sourceTree = "<group>"; };
		3F16ABB51CB418DA003F2BD2 /* Base */ = {isa = PBXFileReference; lastKnownFileType = file.storyboard; name = Base; path = Base.lproj/Main.storyboard; sourceTree = "<group>"; };
		3F16ABB71CB418DA003F2BD2 /* Assets.xcassets */ = {isa = PBXFileReference; lastKnownFileType = folder.assetcatalog; path = Assets.xcassets; sourceTree = "<group>"; };
		3F16ABBA1CB418DA003F2BD2 /* Base */ = {isa = PBXFileReference; lastKnownFileType = file.storyboard; name = Base; path = Base.lproj/LaunchScreen.storyboard; sourceTree = "<group>"; };
		3F16ABBC1CB418DA003F2BD2 /* Info.plist */ = {isa = PBXFileReference; lastKnownFileType = text.plist.xml; path = Info.plist; sourceTree = "<group>"; };
		3F16ABC11CB418DA003F2BD2 /* Lolla LineupTests.xctest */ = {isa = PBXFileReference; explicitFileType = wrapper.cfbundle; includeInIndex = 0; path = "Lolla LineupTests.xctest"; sourceTree = BUILT_PRODUCTS_DIR; };
		3F16ABC51CB418DA003F2BD2 /* Lolla_LineupTests.swift */ = {isa = PBXFileReference; lastKnownFileType = sourcecode.swift; path = Lolla_LineupTests.swift; sourceTree = "<group>"; };
		3F16ABC71CB418DA003F2BD2 /* Info.plist */ = {isa = PBXFileReference; lastKnownFileType = text.plist.xml; path = Info.plist; sourceTree = "<group>"; };
		3F16ABCC1CB418DA003F2BD2 /* Lolla LineupUITests.xctest */ = {isa = PBXFileReference; explicitFileType = wrapper.cfbundle; includeInIndex = 0; path = "Lolla LineupUITests.xctest"; sourceTree = BUILT_PRODUCTS_DIR; };
		3F16ABD01CB418DA003F2BD2 /* Lolla_LineupUITests.swift */ = {isa = PBXFileReference; lastKnownFileType = sourcecode.swift; path = Lolla_LineupUITests.swift; sourceTree = "<group>"; };
		3F16ABD21CB418DA003F2BD2 /* Info.plist */ = {isa = PBXFileReference; lastKnownFileType = text.plist.xml; path = Info.plist; sourceTree = "<group>"; };
		3F16ABDE1CB6BC39003F2BD2 /* AllBands.swift */ = {isa = PBXFileReference; fileEncoding = 4; lastKnownFileType = sourcecode.swift; path = AllBands.swift; sourceTree = "<group>"; };
		3F16ABE01CB6BC7F003F2BD2 /* Genres.swift */ = {isa = PBXFileReference; fileEncoding = 4; lastKnownFileType = sourcecode.swift; path = Genres.swift; sourceTree = "<group>"; };
		3F16ABE21CB6BCA0003F2BD2 /* Days.swift */ = {isa = PBXFileReference; fileEncoding = 4; lastKnownFileType = sourcecode.swift; path = Days.swift; sourceTree = "<group>"; };
		3F16ABE41CB6BDA1003F2BD2 /* BandsInSelectedGenre.swift */ = {isa = PBXFileReference; fileEncoding = 4; lastKnownFileType = sourcecode.swift; path = BandsInSelectedGenre.swift; sourceTree = "<group>"; };
		3F16ABE61CB6BDD8003F2BD2 /* BandsInSelectedDay.swift */ = {isa = PBXFileReference; fileEncoding = 4; lastKnownFileType = sourcecode.swift; path = BandsInSelectedDay.swift; sourceTree = "<group>"; };
		3F16ABE81CB6BE20003F2BD2 /* SongsBySelectedBand.swift */ = {isa = PBXFileReference; fileEncoding = 4; lastKnownFileType = sourcecode.swift; path = SongsBySelectedBand.swift; sourceTree = "<group>"; };
		3F16ABEA1CBC078E003F2BD2 /* DetailBandClass.swift */ = {isa = PBXFileReference; fileEncoding = 4; lastKnownFileType = sourcecode.swift; path = DetailBandClass.swift; sourceTree = "<group>"; };
		3FE9BF6B1CC7DF0700B809E4 /* ClassDay.swift */ = {isa = PBXFileReference; fileEncoding = 4; lastKnownFileType = sourcecode.swift; path = ClassDay.swift; sourceTree = "<group>"; };
/* End PBXFileReference section */

/* Begin PBXFrameworksBuildPhase section */
		3F16ABAA1CB418DA003F2BD2 /* Frameworks */ = {
			isa = PBXFrameworksBuildPhase;
			buildActionMask = 2147483647;
			files = (
			);
			runOnlyForDeploymentPostprocessing = 0;
		};
		3F16ABBE1CB418DA003F2BD2 /* Frameworks */ = {
			isa = PBXFrameworksBuildPhase;
			buildActionMask = 2147483647;
			files = (
			);
			runOnlyForDeploymentPostprocessing = 0;
		};
		3F16ABC91CB418DA003F2BD2 /* Frameworks */ = {
			isa = PBXFrameworksBuildPhase;
			buildActionMask = 2147483647;
			files = (
			);
			runOnlyForDeploymentPostprocessing = 0;
		};
/* End PBXFrameworksBuildPhase section */

/* Begin PBXGroup section */
		3F16ABA41CB418DA003F2BD2 = {
			isa = PBXGroup;
			children = (
				3F16ABAF1CB418DA003F2BD2 /* Lolla Lineup */,
				3F16ABC41CB418DA003F2BD2 /* Lolla LineupTests */,
				3F16ABCF1CB418DA003F2BD2 /* Lolla LineupUITests */,
				3F16ABAE1CB418DA003F2BD2 /* Products */,
			);
			sourceTree = "<group>";
		};
		3F16ABAE1CB418DA003F2BD2 /* Products */ = {
			isa = PBXGroup;
			children = (
				3F16ABAD1CB418DA003F2BD2 /* Lolla Lineup.app */,
				3F16ABC11CB418DA003F2BD2 /* Lolla LineupTests.xctest */,
				3F16ABCC1CB418DA003F2BD2 /* Lolla LineupUITests.xctest */,
			);
			name = Products;
			sourceTree = "<group>";
		};
		3F16ABAF1CB418DA003F2BD2 /* Lolla Lineup */ = {
			isa = PBXGroup;
			children = (
				3F16ABB01CB418DA003F2BD2 /* AppDelegate.swift */,
				3F16ABB21CB418DA003F2BD2 /* ViewController.swift */,
				3F16ABB41CB418DA003F2BD2 /* Main.storyboard */,
				3F16ABEA1CBC078E003F2BD2 /* DetailBandClass.swift */,
				3F16ABDE1CB6BC39003F2BD2 /* AllBands.swift */,
				3F16ABE01CB6BC7F003F2BD2 /* Genres.swift */,
				3F16ABE41CB6BDA1003F2BD2 /* BandsInSelectedGenre.swift */,
				3F16ABE21CB6BCA0003F2BD2 /* Days.swift */,
				3FE9BF6B1CC7DF0700B809E4 /* ClassDay.swift */,
				3F16ABE61CB6BDD8003F2BD2 /* BandsInSelectedDay.swift */,
				3F16ABE81CB6BE20003F2BD2 /* SongsBySelectedBand.swift */,
				3F16ABB71CB418DA003F2BD2 /* Assets.xcassets */,
				3F16ABB91CB418DA003F2BD2 /* LaunchScreen.storyboard */,
				3F16ABBC1CB418DA003F2BD2 /* Info.plist */,
			);
			path = "Lolla Lineup";
			sourceTree = "<group>";
		};
		3F16ABC41CB418DA003F2BD2 /* Lolla LineupTests */ = {
			isa = PBXGroup;
			children = (
				3F16ABC51CB418DA003F2BD2 /* Lolla_LineupTests.swift */,
				3F16ABC71CB418DA003F2BD2 /* Info.plist */,
			);
			path = "Lolla LineupTests";
			sourceTree = "<group>";
		};
		3F16ABCF1CB418DA003F2BD2 /* Lolla LineupUITests */ = {
			isa = PBXGroup;
			children = (
				3F16ABD01CB418DA003F2BD2 /* Lolla_LineupUITests.swift */,
				3F16ABD21CB418DA003F2BD2 /* Info.plist */,
			);
			path = "Lolla LineupUITests";
			sourceTree = "<group>";
		};
/* End PBXGroup section */

/* Begin PBXNativeTarget section */
		3F16ABAC1CB418DA003F2BD2 /* Lolla Lineup */ = {
			isa = PBXNativeTarget;
			buildConfigurationList = 3F16ABD51CB418DA003F2BD2 /* Build configuration list for PBXNativeTarget "Lolla Lineup" */;
			buildPhases = (
				3F16ABA91CB418DA003F2BD2 /* Sources */,
				3F16ABAA1CB418DA003F2BD2 /* Frameworks */,
				3F16ABAB1CB418DA003F2BD2 /* Resources */,
			);
			buildRules = (
			);
			dependencies = (
			);
			name = "Lolla Lineup";
			productName = "Lolla Lineup";
			productReference = 3F16ABAD1CB418DA003F2BD2 /* Lolla Lineup.app */;
			productType = "com.apple.product-type.application";
		};
		3F16ABC01CB418DA003F2BD2 /* Lolla LineupTests */ = {
			isa = PBXNativeTarget;
			buildConfigurationList = 3F16ABD81CB418DA003F2BD2 /* Build configuration list for PBXNativeTarget "Lolla LineupTests" */;
			buildPhases = (
				3F16ABBD1CB418DA003F2BD2 /* Sources */,
				3F16ABBE1CB418DA003F2BD2 /* Frameworks */,
				3F16ABBF1CB418DA003F2BD2 /* Resources */,
			);
			buildRules = (
			);
			dependencies = (
				3F16ABC31CB418DA003F2BD2 /* PBXTargetDependency */,
			);
			name = "Lolla LineupTests";
			productName = "Lolla LineupTests";
			productReference = 3F16ABC11CB418DA003F2BD2 /* Lolla LineupTests.xctest */;
			productType = "com.apple.product-type.bundle.unit-test";
		};
		3F16ABCB1CB418DA003F2BD2 /* Lolla LineupUITests */ = {
			isa = PBXNativeTarget;
			buildConfigurationList = 3F16ABDB1CB418DA003F2BD2 /* Build configuration list for PBXNativeTarget "Lolla LineupUITests" */;
			buildPhases = (
				3F16ABC81CB418DA003F2BD2 /* Sources */,
				3F16ABC91CB418DA003F2BD2 /* Frameworks */,
				3F16ABCA1CB418DA003F2BD2 /* Resources */,
			);
			buildRules = (
			);
			dependencies = (
				3F16ABCE1CB418DA003F2BD2 /* PBXTargetDependency */,
			);
			name = "Lolla LineupUITests";
			productName = "Lolla LineupUITests";
			productReference = 3F16ABCC1CB418DA003F2BD2 /* Lolla LineupUITests.xctest */;
			productType = "com.apple.product-type.bundle.ui-testing";
		};
/* End PBXNativeTarget section */

/* Begin PBXProject section */
		3F16ABA51CB418DA003F2BD2 /* Project object */ = {
			isa = PBXProject;
			attributes = {
				LastUpgradeCheck = 0700;
				ORGANIZATIONNAME = jcysewski;
				TargetAttributes = {
					3F16ABAC1CB418DA003F2BD2 = {
						CreatedOnToolsVersion = 7.0.1;
					};
					3F16ABC01CB418DA003F2BD2 = {
						CreatedOnToolsVersion = 7.0.1;
						TestTargetID = 3F16ABAC1CB418DA003F2BD2;
					};
					3F16ABCB1CB418DA003F2BD2 = {
						CreatedOnToolsVersion = 7.0.1;
						TestTargetID = 3F16ABAC1CB418DA003F2BD2;
					};
				};
			};
			buildConfigurationList = 3F16ABA81CB418DA003F2BD2 /* Build configuration list for PBXProject "Lolla Lineup" */;
			compatibilityVersion = "Xcode 3.2";
			developmentRegion = English;
			hasScannedForEncodings = 0;
			knownRegions = (
				en,
				Base,
			);
			mainGroup = 3F16ABA41CB418DA003F2BD2;
			productRefGroup = 3F16ABAE1CB418DA003F2BD2 /* Products */;
			projectDirPath = "";
			projectRoot = "";
			targets = (
				3F16ABAC1CB418DA003F2BD2 /* Lolla Lineup */,
				3F16ABC01CB418DA003F2BD2 /* Lolla LineupTests */,
				3F16ABCB1CB418DA003F2BD2 /* Lolla LineupUITests */,
			);
		};
/* End PBXProject section */

/* Begin PBXResourcesBuildPhase section */
		3F16ABAB1CB418DA003F2BD2 /* Resources */ = {
			isa = PBXResourcesBuildPhase;
			buildActionMask = 2147483647;
			files = (
				3F16ABBB1CB418DA003F2BD2 /* LaunchScreen.storyboard in Resources */,
				3F16ABB81CB418DA003F2BD2 /* Assets.xcassets in Resources */,
				3F16ABB61CB418DA003F2BD2 /* Main.storyboard in Resources */,
			);
			runOnlyForDeploymentPostprocessing = 0;
		};
		3F16ABBF1CB418DA003F2BD2 /* Resources */ = {
			isa = PBXResourcesBuildPhase;
			buildActionMask = 2147483647;
			files = (
			);
			runOnlyForDeploymentPostprocessing = 0;
		};
		3F16ABCA1CB418DA003F2BD2 /* Resources */ = {
			isa = PBXResourcesBuildPhase;
			buildActionMask = 2147483647;
			files = (
			);
			runOnlyForDeploymentPostprocessing = 0;
		};
/* End PBXResourcesBuildPhase section */

/* Begin PBXSourcesBuildPhase section */
		3F16ABA91CB418DA003F2BD2 /* Sources */ = {
			isa = PBXSourcesBuildPhase;
			buildActionMask = 2147483647;
			files = (
				3F16ABDF1CB6BC39003F2BD2 /* AllBands.swift in Sources */,
				3F16ABE31CB6BCA0003F2BD2 /* Days.swift in Sources */,
				3F16ABE71CB6BDD8003F2BD2 /* BandsInSelectedDay.swift in Sources */,
				3F16ABEB1CBC078E003F2BD2 /* DetailBandClass.swift in Sources */,
				3F16ABB31CB418DA003F2BD2 /* ViewController.swift in Sources */,
				3F16ABB11CB418DA003F2BD2 /* AppDelegate.swift in Sources */,
				3F16ABE51CB6BDA1003F2BD2 /* BandsInSelectedGenre.swift in Sources */,
				3F16ABE11CB6BC7F003F2BD2 /* Genres.swift in Sources */,
				3F16ABE91CB6BE20003F2BD2 /* SongsBySelectedBand.swift in Sources */,
				3FE9BF6C1CC7DF0700B809E4 /* ClassDay.swift in Sources */,
			);
			runOnlyForDeploymentPostprocessing = 0;
		};
		3F16ABBD1CB418DA003F2BD2 /* Sources */ = {
			isa = PBXSourcesBuildPhase;
			buildActionMask = 2147483647;
			files = (
				3F16ABC61CB418DA003F2BD2 /* Lolla_LineupTests.swift in Sources */,
			);
			runOnlyForDeploymentPostprocessing = 0;
		};
		3F16ABC81CB418DA003F2BD2 /* Sources */ = {
			isa = PBXSourcesBuildPhase;
			buildActionMask = 2147483647;
			files = (
				3F16ABD11CB418DA003F2BD2 /* Lolla_LineupUITests.swift in Sources */,
			);
			runOnlyForDeploymentPostprocessing = 0;
		};
/* End PBXSourcesBuildPhase section */

/* Begin PBXTargetDependency section */
		3F16ABC31CB418DA003F2BD2 /* PBXTargetDependency */ = {
			isa = PBXTargetDependency;
			target = 3F16ABAC1CB418DA003F2BD2 /* Lolla Lineup */;
			targetProxy = 3F16ABC21CB418DA003F2BD2 /* PBXContainerItemProxy */;
		};
		3F16ABCE1CB418DA003F2BD2 /* PBXTargetDependency */ = {
			isa = PBXTargetDependency;
			target = 3F16ABAC1CB418DA003F2BD2 /* Lolla Lineup */;
			targetProxy = 3F16ABCD1CB418DA003F2BD2 /* PBXContainerItemProxy */;
		};
/* End PBXTargetDependency section */

/* Begin PBXVariantGroup section */
		3F16ABB41CB418DA003F2BD2 /* Main.storyboard */ = {
			isa = PBXVariantGroup;
			children = (
				3F16ABB51CB418DA003F2BD2 /* Base */,
			);
			name = Main.storyboard;
			sourceTree = "<group>";
		};
		3F16ABB91CB418DA003F2BD2 /* LaunchScreen.storyboard */ = {
			isa = PBXVariantGroup;
			children = (
				3F16ABBA1CB418DA003F2BD2 /* Base */,
			);
			name = LaunchScreen.storyboard;
			sourceTree = "<group>";
		};
/* End PBXVariantGroup section */

/* Begin XCBuildConfiguration section */
		3F16ABD31CB418DA003F2BD2 /* Debug */ = {
			isa = XCBuildConfiguration;
			buildSettings = {
				ALWAYS_SEARCH_USER_PATHS = NO;
				CLANG_CXX_LANGUAGE_STANDARD = "gnu++0x";
				CLANG_CXX_LIBRARY = "libc++";
				CLANG_ENABLE_MODULES = YES;
				CLANG_ENABLE_OBJC_ARC = YES;
				CLANG_WARN_BOOL_CONVERSION = YES;
				CLANG_WARN_CONSTANT_CONVERSION = YES;
				CLANG_WARN_DIRECT_OBJC_ISA_USAGE = YES_ERROR;
				CLANG_WARN_EMPTY_BODY = YES;
				CLANG_WARN_ENUM_CONVERSION = YES;
				CLANG_WARN_INT_CONVERSION = YES;
				CLANG_WARN_OBJC_ROOT_CLASS = YES_ERROR;
				CLANG_WARN_UNREACHABLE_CODE = YES;
				CLANG_WARN__DUPLICATE_METHOD_MATCH = YES;
				"CODE_SIGN_IDENTITY[sdk=iphoneos*]" = "iPhone Developer";
				COPY_PHASE_STRIP = NO;
				DEBUG_INFORMATION_FORMAT = dwarf;
				ENABLE_STRICT_OBJC_MSGSEND = YES;
				ENABLE_TESTABILITY = YES;
				GCC_C_LANGUAGE_STANDARD = gnu99;
				GCC_DYNAMIC_NO_PIC = NO;
				GCC_NO_COMMON_BLOCKS = YES;
				GCC_OPTIMIZATION_LEVEL = 0;
				GCC_PREPROCESSOR_DEFINITIONS = (
					"DEBUG=1",
					"$(inherited)",
				);
				GCC_WARN_64_TO_32_BIT_CONVERSION = YES;
				GCC_WARN_ABOUT_RETURN_TYPE = YES_ERROR;
				GCC_WARN_UNDECLARED_SELECTOR = YES;
				GCC_WARN_UNINITIALIZED_AUTOS = YES_AGGRESSIVE;
				GCC_WARN_UNUSED_FUNCTION = YES;
				GCC_WARN_UNUSED_VARIABLE = YES;
				IPHONEOS_DEPLOYMENT_TARGET = 9.0;
				MTL_ENABLE_DEBUG_INFO = YES;
				ONLY_ACTIVE_ARCH = YES;
				SDKROOT = iphoneos;
				SWIFT_OPTIMIZATION_LEVEL = "-Onone";
				TARGETED_DEVICE_FAMILY = "1,2";
			};
			name = Debug;
		};
		3F16ABD41CB418DA003F2BD2 /* Release */ = {
			isa = XCBuildConfiguration;
			buildSettings = {
				ALWAYS_SEARCH_USER_PATHS = NO;
				CLANG_CXX_LANGUAGE_STANDARD = "gnu++0x";
				CLANG_CXX_LIBRARY = "libc++";
				CLANG_ENABLE_MODULES = YES;
				CLANG_ENABLE_OBJC_ARC = YES;
				CLANG_WARN_BOOL_CONVERSION = YES;
				CLANG_WARN_CONSTANT_CONVERSION = YES;
				CLANG_WARN_DIRECT_OBJC_ISA_USAGE = YES_ERROR;
				CLANG_WARN_EMPTY_BODY = YES;
				CLANG_WARN_ENUM_CONVERSION = YES;
				CLANG_WARN_INT_CONVERSION = YES;
				CLANG_WARN_OBJC_ROOT_CLASS = YES_ERROR;
				CLANG_WARN_UNREACHABLE_CODE = YES;
				CLANG_WARN__DUPLICATE_METHOD_MATCH = YES;
				"CODE_SIGN_IDENTITY[sdk=iphoneos*]" = "iPhone Developer";
				COPY_PHASE_STRIP = NO;
				DEBUG_INFORMATION_FORMAT = "dwarf-with-dsym";
				ENABLE_NS_ASSERTIONS = NO;
				ENABLE_STRICT_OBJC_MSGSEND = YES;
				GCC_C_LANGUAGE_STANDARD = gnu99;
				GCC_NO_COMMON_BLOCKS = YES;
				GCC_WARN_64_TO_32_BIT_CONVERSION = YES;
				GCC_WARN_ABOUT_RETURN_TYPE = YES_ERROR;
				GCC_WARN_UNDECLARED_SELECTOR = YES;
				GCC_WARN_UNINITIALIZED_AUTOS = YES_AGGRESSIVE;
				GCC_WARN_UNUSED_FUNCTION = YES;
				GCC_WARN_UNUSED_VARIABLE = YES;
				IPHONEOS_DEPLOYMENT_TARGET = 9.0;
				MTL_ENABLE_DEBUG_INFO = NO;
				SDKROOT = iphoneos;
				TARGETED_DEVICE_FAMILY = "1,2";
				VALIDATE_PRODUCT = YES;
			};
			name = Release;
		};
		3F16ABD61CB418DA003F2BD2 /* Debug */ = {
			isa = XCBuildConfiguration;
			buildSettings = {
				ASSETCATALOG_COMPILER_APPICON_NAME = AppIcon;
				INFOPLIST_FILE = "Lolla Lineup/Info.plist";
				LD_RUNPATH_SEARCH_PATHS = "$(inherited) @executable_path/Frameworks";
				PRODUCT_BUNDLE_IDENTIFIER = "jc.Lolla-Lineup";
				PRODUCT_NAME = "$(TARGET_NAME)";
			};
			name = Debug;
		};
		3F16ABD71CB418DA003F2BD2 /* Release */ = {
			isa = XCBuildConfiguration;
			buildSettings = {
				ASSETCATALOG_COMPILER_APPICON_NAME = AppIcon;
				INFOPLIST_FILE = "Lolla Lineup/Info.plist";
				LD_RUNPATH_SEARCH_PATHS = "$(inherited) @executable_path/Frameworks";
				PRODUCT_BUNDLE_IDENTIFIER = "jc.Lolla-Lineup";
				PRODUCT_NAME = "$(TARGET_NAME)";
			};
			name = Release;
		};
		3F16ABD91CB418DA003F2BD2 /* Debug */ = {
			isa = XCBuildConfiguration;
			buildSettings = {
				BUNDLE_LOADER = "$(TEST_HOST)";
				INFOPLIST_FILE = "Lolla LineupTests/Info.plist";
				LD_RUNPATH_SEARCH_PATHS = "$(inherited) @executable_path/Frameworks @loader_path/Frameworks";
				PRODUCT_BUNDLE_IDENTIFIER = "jc.Lolla-LineupTests";
				PRODUCT_NAME = "$(TARGET_NAME)";
				TEST_HOST = "$(BUILT_PRODUCTS_DIR)/Lolla Lineup.app/Lolla Lineup";
			};
			name = Debug;
		};
		3F16ABDA1CB418DA003F2BD2 /* Release */ = {
			isa = XCBuildConfiguration;
			buildSettings = {
				BUNDLE_LOADER = "$(TEST_HOST)";
				INFOPLIST_FILE = "Lolla LineupTests/Info.plist";
				LD_RUNPATH_SEARCH_PATHS = "$(inherited) @executable_path/Frameworks @loader_path/Frameworks";
				PRODUCT_BUNDLE_IDENTIFIER = "jc.Lolla-LineupTests";
				PRODUCT_NAME = "$(TARGET_NAME)";
				TEST_HOST = "$(BUILT_PRODUCTS_DIR)/Lolla Lineup.app/Lolla Lineup";
			};
			name = Release;
		};
		3F16ABDC1CB418DA003F2BD2 /* Debug */ = {
			isa = XCBuildConfiguration;
			buildSettings = {
				INFOPLIST_FILE = "Lolla LineupUITests/Info.plist";
				LD_RUNPATH_SEARCH_PATHS = "$(inherited) @executable_path/Frameworks @loader_path/Frameworks";
				PRODUCT_BUNDLE_IDENTIFIER = "jc.Lolla-LineupUITests";
				PRODUCT_NAME = "$(TARGET_NAME)";
				TEST_TARGET_NAME = "Lolla Lineup";
				USES_XCTRUNNER = YES;
			};
			name = Debug;
		};
		3F16ABDD1CB418DA003F2BD2 /* Release */ = {
			isa = XCBuildConfiguration;
			buildSettings = {
				INFOPLIST_FILE = "Lolla LineupUITests/Info.plist";
				LD_RUNPATH_SEARCH_PATHS = "$(inherited) @executable_path/Frameworks @loader_path/Frameworks";
				PRODUCT_BUNDLE_IDENTIFIER = "jc.Lolla-LineupUITests";
				PRODUCT_NAME = "$(TARGET_NAME)";
				TEST_TARGET_NAME = "Lolla Lineup";
				USES_XCTRUNNER = YES;
			};
			name = Release;
		};
/* End XCBuildConfiguration section */

/* Begin XCConfigurationList section */
		3F16ABA81CB418DA003F2BD2 /* Build configuration list for PBXProject "Lolla Lineup" */ = {
			isa = XCConfigurationList;
			buildConfigurations = (
				3F16ABD31CB418DA003F2BD2 /* Debug */,
				3F16ABD41CB418DA003F2BD2 /* Release */,
			);
			defaultConfigurationIsVisible = 0;
			defaultConfigurationName = Release;
		};
		3F16ABD51CB418DA003F2BD2 /* Build configuration list for PBXNativeTarget "Lolla Lineup" */ = {
			isa = XCConfigurationList;
			buildConfigurations = (
				3F16ABD61CB418DA003F2BD2 /* Debug */,
				3F16ABD71CB418DA003F2BD2 /* Release */,
			);
			defaultConfigurationIsVisible = 0;
			defaultConfigurationName = Release;
		};
		3F16ABD81CB418DA003F2BD2 /* Build configuration list for PBXNativeTarget "Lolla LineupTests" */ = {
			isa = XCConfigurationList;
			buildConfigurations = (
				3F16ABD91CB418DA003F2BD2 /* Debug */,
				3F16ABDA1CB418DA003F2BD2 /* Release */,
			);
			defaultConfigurationIsVisible = 0;
			defaultConfigurationName = Release;
		};
		3F16ABDB1CB418DA003F2BD2 /* Build configuration list for PBXNativeTarget "Lolla LineupUITests" */ = {
			isa = XCConfigurationList;
			buildConfigurations = (
				3F16ABDC1CB418DA003F2BD2 /* Debug */,
				3F16ABDD1CB418DA003F2BD2 /* Release */,
			);
			defaultConfigurationIsVisible = 0;
			defaultConfigurationName = Release;
		};
/* End XCConfigurationList section */
	};
	rootObject = 3F16ABA51CB418DA003F2BD2 /* Project object */;
}
